
Microsoft Visual Studio Solution File, Format Version 12.00
# Visual Studio Version 16
VisualStudioVersion = 16.0.30204.135
MinimumVisualStudioVersion = 10.0.40219.1
Project("{FAE04EC0-301F-11D3-BF4B-00C04F79EFBC}") = "Manager", "Manager.csproj", "{78BEED96-6A80-44C7-969A-16A6C16E7BA8}"
EndProject
Global
	GlobalSection(SolutionConfigurationPlatforms) = preSolution
		Debug|Any CPU = Debug|Any CPU
		Release|Any CPU = Release|Any CPU
	EndGlobalSection
	GlobalSection(ProjectConfigurationPlatforms) = postSolution
		{78BEED96-6A80-44C7-969A-16A6C16E7BA8}.Debug|Any CPU.ActiveCfg = Debug|Any CPU
		{78BEED96-6A80-44C7-969A-16A6C16E7BA8}.Debug|Any CPU.Build.0 = Debug|Any CPU
		{78BEED96-6A80-44C7-969A-16A6C16E7BA8}.Release|Any CPU.ActiveCfg = Release|Any CPU
		{78BEED96-6A80-44C7-969A-16A6C16E7BA8}.Release|Any CPU.Build.0 = Release|Any CPU
	EndGlobalSection
	GlobalSection(SolutionProperties) = preSolution
		HideSolutionNode = FALSE
	EndGlobalSection
	GlobalSection(ExtensibilityGlobals) = postSolution
		SolutionGuid = {EE4AF436-EB6E-4B6B-9147-764020A79881}
	EndGlobalSection
EndGlobal
